{
  "name": "opengamevcs",
  "version": "0.0.0",
  "lockfileVersion": 3,
  "requires": true,
  "packages": {
    "": {
      "name": "opengamevcs",
      "version": "0.0.0",
      "license": "MIT",
      "workspaces": [
        "foundation/fixture-generator",
        "core/object-model/js"
      ],
      "engines": {
        "node": ">=22"
      }
    },
    "core/object-model/js": {
      "name": "@opengamevcs/object-model",
      "version": "0.1.0",
      "license": "MIT",
      "bin": {
        "ogvcs-object": "bin/ogvcs-object.mjs"
      },
      "engines": {
        "node": ">=20"
      },
      "peerDependencies": {
        "@opengamevcs/fixture-generator": "1.0.0"
      },
      "peerDependenciesMeta": {
        "@opengamevcs/fixture-generator": {
          "optional": true
        }
      }
    },
    "foundation/fixture-generator": {
      "name": "@opengamevcs/fixture-generator",
      "version": "1.0.0",
      "license": "MIT",
      "bin": {
        "ogvcs-fixture": "bin/ogvcs-fixture.mjs"
      },
      "engines": {
        "node": ">=22"
      }
    },
    "node_modules/@opengamevcs/fixture-generator": {
      "resolved": "foundation/fixture-generator",
      "link": true
    },
    "node_modules/@opengamevcs/object-model": {
      "resolved": "core/object-model/js",
      "link": true
    }
  }
}
