{
  "name": "opengamevcs",
  "version": "0.0.0",
  "lockfileVersion": 3,
  "requires": true,
  "packages": {
    "": {
      "name": "opengamevcs",
      "version": "0.0.0",
      "workspaces": [
        "foundation/fixture-generator"
      ],
      "engines": {
        "node": ">=22"
      }
    },
    "foundation/fixture-generator": {
      "name": "@opengamevcs/fixture-generator",
      "version": "1.0.0",
      "license": "MIT",
      "bin": {
        "ogvcs-fixture": "bin/ogvcs-fixture.mjs"
      },
      "engines": {
        "node": ">=22"
      }
    },
    "node_modules/@opengamevcs/fixture-generator": {
      "resolved": "foundation/fixture-generator",
      "link": true
    }
  }
}
