{
  "name": "opengamevcs",
  "version": "0.0.0",
  "lockfileVersion": 3,
  "requires": true,
  "packages": {
    "": {
      "name": "opengamevcs",
      "version": "0.0.0",
      "license": "MIT",
      "workspaces": [
        "foundation/fixture-generator",
        "core/object-model/js",
        "core/authz-contract/js",
        "core/paths-filesystem/js",
        "spec/authorization/v1",
        "spec/path-filesystem/v1"
      ],
      "engines": {
        "node": ">=22"
      }
    },
    "core/authz-contract/js": {
      "name": "@opengamevcs/authorization-contract",
      "version": "1.0.0",
      "license": "MIT",
      "dependencies": {
        "@opengamevcs/authorization-contract-v1": "1.0.0"
      },
      "bin": {
        "ogvcs-authz": "bin/ogvcs-authz.mjs"
      },
      "engines": {
        "node": ">=22"
      }
    },
    "core/object-model/js": {
      "name": "@opengamevcs/object-model",
      "version": "0.1.0",
      "license": "MIT",
      "bin": {
        "ogvcs-object": "bin/ogvcs-object.mjs"
      },
      "engines": {
        "node": ">=20"
      },
      "peerDependencies": {
        "@opengamevcs/fixture-generator": "1.0.0"
      },
      "peerDependenciesMeta": {
        "@opengamevcs/fixture-generator": {
          "optional": true
        }
      }
    },
    "core/paths-filesystem/js": {
      "name": "@opengamevcs/path-filesystem",
      "version": "1.0.0",
      "license": "MIT",
      "dependencies": {
        "@opengamevcs/path-contract-v1": "1.0.0"
      },
      "bin": {
        "ogvcs-path": "bin/ogvcs-path.mjs"
      },
      "engines": {
        "node": ">=22"
      },
      "peerDependencies": {
        "@opengamevcs/object-model": "0.1.0"
      },
      "peerDependenciesMeta": {
        "@opengamevcs/object-model": {
          "optional": true
        }
      }
    },
    "foundation/fixture-generator": {
      "name": "@opengamevcs/fixture-generator",
      "version": "1.0.0",
      "license": "MIT",
      "bin": {
        "ogvcs-fixture": "bin/ogvcs-fixture.mjs"
      },
      "engines": {
        "node": ">=22"
      }
    },
    "node_modules/@opengamevcs/authorization-contract": {
      "resolved": "core/authz-contract/js",
      "link": true
    },
    "node_modules/@opengamevcs/authorization-contract-v1": {
      "resolved": "spec/authorization/v1",
      "link": true
    },
    "node_modules/@opengamevcs/fixture-generator": {
      "resolved": "foundation/fixture-generator",
      "link": true
    },
    "node_modules/@opengamevcs/object-model": {
      "resolved": "core/object-model/js",
      "link": true
    },
    "node_modules/@opengamevcs/path-contract-v1": {
      "resolved": "spec/path-filesystem/v1",
      "link": true
    },
    "node_modules/@opengamevcs/path-filesystem": {
      "resolved": "core/paths-filesystem/js",
      "link": true
    },
    "spec/authorization/v1": {
      "name": "@opengamevcs/authorization-contract-v1",
      "version": "1.0.0",
      "license": "MIT",
      "engines": {
        "node": ">=22"
      }
    },
    "spec/path-filesystem/v1": {
      "name": "@opengamevcs/path-contract-v1",
      "version": "1.0.0",
      "license": "MIT",
      "engines": {
        "node": ">=22"
      }
    }
  }
}
